
Microsoft Visual Studio Solution File, Format Version 12.00
# Visual Studio Version 17
VisualStudioVersion = 17.10.35013.160
MinimumVisualStudioVersion = 10.0.40219.1
Project("{9A19103F-16F7-4668-BE54-9A1E7A4F7556}") = "Summation", "Summation\Summation.csproj", "{19EFEE50-DD28-4FA1-815C-82173929A41A}"
EndProject
Project("{9A19103F-16F7-4668-BE54-9A1E7A4F7556}") = "Reverse Word", "Reverse Word\Reverse Word.csproj", "{E2E931C2-712A-4F72-BC4A-013457D71DF4}"
EndProject
Project("{9A19103F-16F7-4668-BE54-9A1E7A4F7556}") = "String Score", "String Score\String Score.csproj", "{396387AF-F9D7-400F-99D9-2938411B40EC}"
EndProject
Project("{9A19103F-16F7-4668-BE54-9A1E7A4F7556}") = "Max Split", "Max Split\Max Split.csproj", "{67F39EBC-1A77-4D3C-A658-13661233A916}"
EndProject
Project("{9A19103F-16F7-4668-BE54-9A1E7A4F7556}") = "Two Sum", "Two Sum\Two Sum.csproj", "{CBE951AE-73A2-402E-9EE6-12AFC539583B}"
EndProject
Project("{9A19103F-16F7-4668-BE54-9A1E7A4F7556}") = "Palindrome", "Palindrome\Palindrome.csproj", "{5B9F4F97-C03C-4CB5-9D84-4085008BB6C3}"
EndProject
Project("{9A19103F-16F7-4668-BE54-9A1E7A4F7556}") = "Roman To Integer", "Roman To Integer\Roman To Integer.csproj", "{6F355115-5B24-4DBD-9A5B-D14F64E64322}"
EndProject
Project("{9A19103F-16F7-4668-BE54-9A1E7A4F7556}") = "Common Prefix", "Common Prefix\Common Prefix.csproj", "{C7AB38BF-8E7B-489D-92CE-0EAE92772192}"
EndProject
Project("{9A19103F-16F7-4668-BE54-9A1E7A4F7556}") = "Valid Parentheses", "Valid Parentheses\Valid Parentheses.csproj", "{2B6573C6-FD6F-4613-8373-208A0158F3E5}"
EndProject
Project("{9A19103F-16F7-4668-BE54-9A1E7A4F7556}") = "Remove Duplicates from Sorted Array", "Remove Duplicates from Sorted Array\Remove Duplicates from Sorted Array.csproj", "{32A5BD27-8C17-426C-8916-3DAE98C5E8C0}"
EndProject
Project("{9A19103F-16F7-4668-BE54-9A1E7A4F7556}") = "URL", "URL\URL.csproj", "{4EA63D36-3E88-4C25-8B75-B407744CA31F}"
EndProject
Project("{9A19103F-16F7-4668-BE54-9A1E7A4F7556}") = "New Words", "New Words\New Words.csproj", "{05E8ED64-1457-4F54-92AE-5AB800280A74}"
EndProject
Project("{9A19103F-16F7-4668-BE54-9A1E7A4F7556}") = "Replace Word", "Replace Word\Replace Word.csproj", "{D0513386-B568-41D2-BC3B-92F6743DB732}"
EndProject
Project("{9A19103F-16F7-4668-BE54-9A1E7A4F7556}") = "Encrypt & Decrypt Message", "Encrypt & Decrypt Message\Encrypt & Decrypt Message.csproj", "{812624B5-50A6-4375-A4B5-CB80A6558B2C}"
EndProject
Project("{9A19103F-16F7-4668-BE54-9A1E7A4F7556}") = "Clean Code", "Clean Code\Clean Code.csproj", "{3E7A1C1D-0E4A-4B6F-ADF1-245D56D275CF}"
EndProject
Project("{9A19103F-16F7-4668-BE54-9A1E7A4F7556}") = "Anton and Danik", "Anton and Danik\Anton and Danik.csproj", "{9FAF5E1F-5DC7-496F-ACBC-FBA878C86109}"
EndProject
Project("{9A19103F-16F7-4668-BE54-9A1E7A4F7556}") = "Translation", "Translation\Translation.csproj", "{9C345DFA-523C-4AE6-B15E-9CBCB5FAC7D9}"
EndProject
Project("{9A19103F-16F7-4668-BE54-9A1E7A4F7556}") = "Tram", "Tram\Tram.csproj", "{4AA64D99-D2F4-4AF8-8250-0EB6FCB28F95}"
EndProject
Project("{9A19103F-16F7-4668-BE54-9A1E7A4F7556}") = "Vanya and Fence", "Vanya and Fence\Vanya and Fence.csproj", "{54E55444-640A-4385-898E-367D110DCDA5}"
EndProject
Project("{9A19103F-16F7-4668-BE54-9A1E7A4F7556}") = "Beautiful Year", "Beautiful Year\Beautiful Year.csproj", "{DA005F86-897C-435D-9EDA-D3C9F09A3F64}"
EndProject
Project("{9A19103F-16F7-4668-BE54-9A1E7A4F7556}") = "Queue at the School", "Queue at the School\Queue at the School.csproj", "{54BBCDD7-A3B2-4329-9C26-9E3E6FB1D7F7}"
EndProject
Project("{9A19103F-16F7-4668-BE54-9A1E7A4F7556}") = "In Search of an Easy Problem", "In Search of an Easy Problem\In Search of an Easy Problem.csproj", "{745432EF-4109-4B6B-A53A-73B0CA3E6479}"
EndProject
Project("{9A19103F-16F7-4668-BE54-9A1E7A4F7556}") = "George and Accommodation", "George and Accommodation\George and Accommodation.csproj", "{A7CE201A-867D-4CA5-9669-3EC1E8CF0C9C}"
EndProject
Project("{9A19103F-16F7-4668-BE54-9A1E7A4F7556}") = "Magnets", "Magnets\Magnets.csproj", "{6632BCBE-CC03-4173-A9C0-2F339D08DBAD}"
EndProject
Project("{9A19103F-16F7-4668-BE54-9A1E7A4F7556}") = "Presents", "Presents\Presents.csproj", "{AFAAAE14-AA3E-4B5A-A62C-1605508E8687}"
EndProject
Project("{9A19103F-16F7-4668-BE54-9A1E7A4F7556}") = "Theatre Square", "Theatre Square\Theatre Square.csproj", "{6CE20586-F53D-4B16-8836-C9950562AE18}"
EndProject
Project("{9A19103F-16F7-4668-BE54-9A1E7A4F7556}") = "Drinks", "Drinks\Drinks.csproj", "{58A9BD04-93BB-4A35-929A-C9E3387DE1CE}"
EndProject
Project("{9A19103F-16F7-4668-BE54-9A1E7A4F7556}") = "Ultra-Fast Mathematician binary easy sum", "Ultra-Fast Mathematician\Ultra-Fast Mathematician binary easy sum.csproj", "{B25A95F8-03B9-48EA-B4EC-26D8297813DE}"
EndProject
Project("{9A19103F-16F7-4668-BE54-9A1E7A4F7556}") = "Is your horseshoe on the other hoof", "Is your horseshoe on the other hoof\Is your horseshoe on the other hoof.csproj", "{C6EF36A5-DEB3-4CBD-BDA8-9FCDEB559D5D}"
EndProject
Project("{9A19103F-16F7-4668-BE54-9A1E7A4F7556}") = "Hulk", "Hulk\Hulk.csproj", "{1B80917E-DFC5-4A48-ABC9-7F5BAA35FEBC}"
EndProject
Project("{9A19103F-16F7-4668-BE54-9A1E7A4F7556}") = "Divisibility Problem", "Divisibility Problem\Divisibility Problem.csproj", "{8A485978-EF86-4430-82C8-3AD628C4BFBE}"
EndProject
Project("{9A19103F-16F7-4668-BE54-9A1E7A4F7556}") = "I Wanna Be the Guy", "I Wanna Be the Guy\I Wanna Be the Guy.csproj", "{BF6AE938-3880-46DC-82D3-1F7DF17D3FAA}"
EndProject
Project("{9A19103F-16F7-4668-BE54-9A1E7A4F7556}") = "Pangram", "Pangram\Pangram.csproj", "{B369AF6D-C6F0-442E-BE6C-58C882DC691D}"
EndProject
Project("{9A19103F-16F7-4668-BE54-9A1E7A4F7556}") = "Arrival of the General", "Arrival of the General\Arrival of the General.csproj", "{525CF1EF-BB9D-4787-BE47-8598F460EA56}"
EndProject
Project("{FAE04EC0-301F-11D3-BF4B-00C04F79EFBC}") = "Insomnia cure", "Insomnia cure\Insomnia cure.csproj", "{BE22A49D-4D9D-48C3-9DC3-6F4A02CC0CCD}"
EndProject
Global
	GlobalSection(SolutionConfigurationPlatforms) = preSolution
		Debug|Any CPU = Debug|Any CPU
		Release|Any CPU = Release|Any CPU
	EndGlobalSection
	GlobalSection(ProjectConfigurationPlatforms) = postSolution
		{19EFEE50-DD28-4FA1-815C-82173929A41A}.Debug|Any CPU.ActiveCfg = Debug|Any CPU
		{19EFEE50-DD28-4FA1-815C-82173929A41A}.Debug|Any CPU.Build.0 = Debug|Any CPU
		{19EFEE50-DD28-4FA1-815C-82173929A41A}.Release|Any CPU.ActiveCfg = Release|Any CPU
		{19EFEE50-DD28-4FA1-815C-82173929A41A}.Release|Any CPU.Build.0 = Release|Any CPU
		{E2E931C2-712A-4F72-BC4A-013457D71DF4}.Debug|Any CPU.ActiveCfg = Debug|Any CPU
		{E2E931C2-712A-4F72-BC4A-013457D71DF4}.Debug|Any CPU.Build.0 = Debug|Any CPU
		{E2E931C2-712A-4F72-BC4A-013457D71DF4}.Release|Any CPU.ActiveCfg = Release|Any CPU
		{E2E931C2-712A-4F72-BC4A-013457D71DF4}.Release|Any CPU.Build.0 = Release|Any CPU
		{396387AF-F9D7-400F-99D9-2938411B40EC}.Debug|Any CPU.ActiveCfg = Debug|Any CPU
		{396387AF-F9D7-400F-99D9-2938411B40EC}.Debug|Any CPU.Build.0 = Debug|Any CPU
		{396387AF-F9D7-400F-99D9-2938411B40EC}.Release|Any CPU.ActiveCfg = Release|Any CPU
		{396387AF-F9D7-400F-99D9-2938411B40EC}.Release|Any CPU.Build.0 = Release|Any CPU
		{67F39EBC-1A77-4D3C-A658-13661233A916}.Debug|Any CPU.ActiveCfg = Debug|Any CPU
		{67F39EBC-1A77-4D3C-A658-13661233A916}.Debug|Any CPU.Build.0 = Debug|Any CPU
		{67F39EBC-1A77-4D3C-A658-13661233A916}.Release|Any CPU.ActiveCfg = Release|Any CPU
		{67F39EBC-1A77-4D3C-A658-13661233A916}.Release|Any CPU.Build.0 = Release|Any CPU
		{CBE951AE-73A2-402E-9EE6-12AFC539583B}.Debug|Any CPU.ActiveCfg = Debug|Any CPU
		{CBE951AE-73A2-402E-9EE6-12AFC539583B}.Debug|Any CPU.Build.0 = Debug|Any CPU
		{CBE951AE-73A2-402E-9EE6-12AFC539583B}.Release|Any CPU.ActiveCfg = Release|Any CPU
		{CBE951AE-73A2-402E-9EE6-12AFC539583B}.Release|Any CPU.Build.0 = Release|Any CPU
		{5B9F4F97-C03C-4CB5-9D84-4085008BB6C3}.Debug|Any CPU.ActiveCfg = Debug|Any CPU
		{5B9F4F97-C03C-4CB5-9D84-4085008BB6C3}.Debug|Any CPU.Build.0 = Debug|Any CPU
		{5B9F4F97-C03C-4CB5-9D84-4085008BB6C3}.Release|Any CPU.ActiveCfg = Release|Any CPU
		{5B9F4F97-C03C-4CB5-9D84-4085008BB6C3}.Release|Any CPU.Build.0 = Release|Any CPU
		{6F355115-5B24-4DBD-9A5B-D14F64E64322}.Debug|Any CPU.ActiveCfg = Debug|Any CPU
		{6F355115-5B24-4DBD-9A5B-D14F64E64322}.Debug|Any CPU.Build.0 = Debug|Any CPU
		{6F355115-5B24-4DBD-9A5B-D14F64E64322}.Release|Any CPU.ActiveCfg = Release|Any CPU
		{6F355115-5B24-4DBD-9A5B-D14F64E64322}.Release|Any CPU.Build.0 = Release|Any CPU
		{C7AB38BF-8E7B-489D-92CE-0EAE92772192}.Debug|Any CPU.ActiveCfg = Debug|Any CPU
		{C7AB38BF-8E7B-489D-92CE-0EAE92772192}.Debug|Any CPU.Build.0 = Debug|Any CPU
		{C7AB38BF-8E7B-489D-92CE-0EAE92772192}.Release|Any CPU.ActiveCfg = Release|Any CPU
		{C7AB38BF-8E7B-489D-92CE-0EAE92772192}.Release|Any CPU.Build.0 = Release|Any CPU
		{2B6573C6-FD6F-4613-8373-208A0158F3E5}.Debug|Any CPU.ActiveCfg = Debug|Any CPU
		{2B6573C6-FD6F-4613-8373-208A0158F3E5}.Debug|Any CPU.Build.0 = Debug|Any CPU
		{2B6573C6-FD6F-4613-8373-208A0158F3E5}.Release|Any CPU.ActiveCfg = Release|Any CPU
		{2B6573C6-FD6F-4613-8373-208A0158F3E5}.Release|Any CPU.Build.0 = Release|Any CPU
		{32A5BD27-8C17-426C-8916-3DAE98C5E8C0}.Debug|Any CPU.ActiveCfg = Debug|Any CPU
		{32A5BD27-8C17-426C-8916-3DAE98C5E8C0}.Debug|Any CPU.Build.0 = Debug|Any CPU
		{32A5BD27-8C17-426C-8916-3DAE98C5E8C0}.Release|Any CPU.ActiveCfg = Release|Any CPU
		{32A5BD27-8C17-426C-8916-3DAE98C5E8C0}.Release|Any CPU.Build.0 = Release|Any CPU
		{4EA63D36-3E88-4C25-8B75-B407744CA31F}.Debug|Any CPU.ActiveCfg = Debug|Any CPU
		{4EA63D36-3E88-4C25-8B75-B407744CA31F}.Debug|Any CPU.Build.0 = Debug|Any CPU
		{4EA63D36-3E88-4C25-8B75-B407744CA31F}.Release|Any CPU.ActiveCfg = Release|Any CPU
		{4EA63D36-3E88-4C25-8B75-B407744CA31F}.Release|Any CPU.Build.0 = Release|Any CPU
		{05E8ED64-1457-4F54-92AE-5AB800280A74}.Debug|Any CPU.ActiveCfg = Debug|Any CPU
		{05E8ED64-1457-4F54-92AE-5AB800280A74}.Debug|Any CPU.Build.0 = Debug|Any CPU
		{05E8ED64-1457-4F54-92AE-5AB800280A74}.Release|Any CPU.ActiveCfg = Release|Any CPU
		{05E8ED64-1457-4F54-92AE-5AB800280A74}.Release|Any CPU.Build.0 = Release|Any CPU
		{D0513386-B568-41D2-BC3B-92F6743DB732}.Debug|Any CPU.ActiveCfg = Debug|Any CPU
		{D0513386-B568-41D2-BC3B-92F6743DB732}.Debug|Any CPU.Build.0 = Debug|Any CPU
		{D0513386-B568-41D2-BC3B-92F6743DB732}.Release|Any CPU.ActiveCfg = Release|Any CPU
		{D0513386-B568-41D2-BC3B-92F6743DB732}.Release|Any CPU.Build.0 = Release|Any CPU
		{812624B5-50A6-4375-A4B5-CB80A6558B2C}.Debug|Any CPU.ActiveCfg = Debug|Any CPU
		{812624B5-50A6-4375-A4B5-CB80A6558B2C}.Debug|Any CPU.Build.0 = Debug|Any CPU
		{812624B5-50A6-4375-A4B5-CB80A6558B2C}.Release|Any CPU.ActiveCfg = Release|Any CPU
		{812624B5-50A6-4375-A4B5-CB80A6558B2C}.Release|Any CPU.Build.0 = Release|Any CPU
		{3E7A1C1D-0E4A-4B6F-ADF1-245D56D275CF}.Debug|Any CPU.ActiveCfg = Debug|Any CPU
		{3E7A1C1D-0E4A-4B6F-ADF1-245D56D275CF}.Debug|Any CPU.Build.0 = Debug|Any CPU
		{3E7A1C1D-0E4A-4B6F-ADF1-245D56D275CF}.Release|Any CPU.ActiveCfg = Release|Any CPU
		{3E7A1C1D-0E4A-4B6F-ADF1-245D56D275CF}.Release|Any CPU.Build.0 = Release|Any CPU
		{9FAF5E1F-5DC7-496F-ACBC-FBA878C86109}.Debug|Any CPU.ActiveCfg = Debug|Any CPU
		{9FAF5E1F-5DC7-496F-ACBC-FBA878C86109}.Debug|Any CPU.Build.0 = Debug|Any CPU
		{9FAF5E1F-5DC7-496F-ACBC-FBA878C86109}.Release|Any CPU.ActiveCfg = Release|Any CPU
		{9FAF5E1F-5DC7-496F-ACBC-FBA878C86109}.Release|Any CPU.Build.0 = Release|Any CPU
		{9C345DFA-523C-4AE6-B15E-9CBCB5FAC7D9}.Debug|Any CPU.ActiveCfg = Debug|Any CPU
		{9C345DFA-523C-4AE6-B15E-9CBCB5FAC7D9}.Debug|Any CPU.Build.0 = Debug|Any CPU
		{9C345DFA-523C-4AE6-B15E-9CBCB5FAC7D9}.Release|Any CPU.ActiveCfg = Release|Any CPU
		{9C345DFA-523C-4AE6-B15E-9CBCB5FAC7D9}.Release|Any CPU.Build.0 = Release|Any CPU
		{4AA64D99-D2F4-4AF8-8250-0EB6FCB28F95}.Debug|Any CPU.ActiveCfg = Debug|Any CPU
		{4AA64D99-D2F4-4AF8-8250-0EB6FCB28F95}.Debug|Any CPU.Build.0 = Debug|Any CPU
		{4AA64D99-D2F4-4AF8-8250-0EB6FCB28F95}.Release|Any CPU.ActiveCfg = Release|Any CPU
		{4AA64D99-D2F4-4AF8-8250-0EB6FCB28F95}.Release|Any CPU.Build.0 = Release|Any CPU
		{54E55444-640A-4385-898E-367D110DCDA5}.Debug|Any CPU.ActiveCfg = Debug|Any CPU
		{54E55444-640A-4385-898E-367D110DCDA5}.Debug|Any CPU.Build.0 = Debug|Any CPU
		{54E55444-640A-4385-898E-367D110DCDA5}.Release|Any CPU.ActiveCfg = Release|Any CPU
		{54E55444-640A-4385-898E-367D110DCDA5}.Release|Any CPU.Build.0 = Release|Any CPU
		{DA005F86-897C-435D-9EDA-D3C9F09A3F64}.Debug|Any CPU.ActiveCfg = Debug|Any CPU
		{DA005F86-897C-435D-9EDA-D3C9F09A3F64}.Debug|Any CPU.Build.0 = Debug|Any CPU
		{DA005F86-897C-435D-9EDA-D3C9F09A3F64}.Release|Any CPU.ActiveCfg = Release|Any CPU
		{DA005F86-897C-435D-9EDA-D3C9F09A3F64}.Release|Any CPU.Build.0 = Release|Any CPU
		{54BBCDD7-A3B2-4329-9C26-9E3E6FB1D7F7}.Debug|Any CPU.ActiveCfg = Debug|Any CPU
		{54BBCDD7-A3B2-4329-9C26-9E3E6FB1D7F7}.Debug|Any CPU.Build.0 = Debug|Any CPU
		{54BBCDD7-A3B2-4329-9C26-9E3E6FB1D7F7}.Release|Any CPU.ActiveCfg = Release|Any CPU
		{54BBCDD7-A3B2-4329-9C26-9E3E6FB1D7F7}.Release|Any CPU.Build.0 = Release|Any CPU
		{745432EF-4109-4B6B-A53A-73B0CA3E6479}.Debug|Any CPU.ActiveCfg = Debug|Any CPU
		{745432EF-4109-4B6B-A53A-73B0CA3E6479}.Debug|Any CPU.Build.0 = Debug|Any CPU
		{745432EF-4109-4B6B-A53A-73B0CA3E6479}.Release|Any CPU.ActiveCfg = Release|Any CPU
		{745432EF-4109-4B6B-A53A-73B0CA3E6479}.Release|Any CPU.Build.0 = Release|Any CPU
		{A7CE201A-867D-4CA5-9669-3EC1E8CF0C9C}.Debug|Any CPU.ActiveCfg = Debug|Any CPU
		{A7CE201A-867D-4CA5-9669-3EC1E8CF0C9C}.Debug|Any CPU.Build.0 = Debug|Any CPU
		{A7CE201A-867D-4CA5-9669-3EC1E8CF0C9C}.Release|Any CPU.ActiveCfg = Release|Any CPU
		{A7CE201A-867D-4CA5-9669-3EC1E8CF0C9C}.Release|Any CPU.Build.0 = Release|Any CPU
		{6632BCBE-CC03-4173-A9C0-2F339D08DBAD}.Debug|Any CPU.ActiveCfg = Debug|Any CPU
		{6632BCBE-CC03-4173-A9C0-2F339D08DBAD}.Debug|Any CPU.Build.0 = Debug|Any CPU
		{6632BCBE-CC03-4173-A9C0-2F339D08DBAD}.Release|Any CPU.ActiveCfg = Release|Any CPU
		{6632BCBE-CC03-4173-A9C0-2F339D08DBAD}.Release|Any CPU.Build.0 = Release|Any CPU
		{AFAAAE14-AA3E-4B5A-A62C-1605508E8687}.Debug|Any CPU.ActiveCfg = Debug|Any CPU
		{AFAAAE14-AA3E-4B5A-A62C-1605508E8687}.Debug|Any CPU.Build.0 = Debug|Any CPU
		{AFAAAE14-AA3E-4B5A-A62C-1605508E8687}.Release|Any CPU.ActiveCfg = Release|Any CPU
		{AFAAAE14-AA3E-4B5A-A62C-1605508E8687}.Release|Any CPU.Build.0 = Release|Any CPU
		{6CE20586-F53D-4B16-8836-C9950562AE18}.Debug|Any CPU.ActiveCfg = Debug|Any CPU
		{6CE20586-F53D-4B16-8836-C9950562AE18}.Debug|Any CPU.Build.0 = Debug|Any CPU
		{6CE20586-F53D-4B16-8836-C9950562AE18}.Release|Any CPU.ActiveCfg = Release|Any CPU
		{6CE20586-F53D-4B16-8836-C9950562AE18}.Release|Any CPU.Build.0 = Release|Any CPU
		{58A9BD04-93BB-4A35-929A-C9E3387DE1CE}.Debug|Any CPU.ActiveCfg = Debug|Any CPU
		{58A9BD04-93BB-4A35-929A-C9E3387DE1CE}.Debug|Any CPU.Build.0 = Debug|Any CPU
		{58A9BD04-93BB-4A35-929A-C9E3387DE1CE}.Release|Any CPU.ActiveCfg = Release|Any CPU
		{58A9BD04-93BB-4A35-929A-C9E3387DE1CE}.Release|Any CPU.Build.0 = Release|Any CPU
		{B25A95F8-03B9-48EA-B4EC-26D8297813DE}.Debug|Any CPU.ActiveCfg = Debug|Any CPU
		{B25A95F8-03B9-48EA-B4EC-26D8297813DE}.Debug|Any CPU.Build.0 = Debug|Any CPU
		{B25A95F8-03B9-48EA-B4EC-26D8297813DE}.Release|Any CPU.ActiveCfg = Release|Any CPU
		{B25A95F8-03B9-48EA-B4EC-26D8297813DE}.Release|Any CPU.Build.0 = Release|Any CPU
		{C6EF36A5-DEB3-4CBD-BDA8-9FCDEB559D5D}.Debug|Any CPU.ActiveCfg = Debug|Any CPU
		{C6EF36A5-DEB3-4CBD-BDA8-9FCDEB559D5D}.Debug|Any CPU.Build.0 = Debug|Any CPU
		{C6EF36A5-DEB3-4CBD-BDA8-9FCDEB559D5D}.Release|Any CPU.ActiveCfg = Release|Any CPU
		{C6EF36A5-DEB3-4CBD-BDA8-9FCDEB559D5D}.Release|Any CPU.Build.0 = Release|Any CPU
		{1B80917E-DFC5-4A48-ABC9-7F5BAA35FEBC}.Debug|Any CPU.ActiveCfg = Debug|Any CPU
		{1B80917E-DFC5-4A48-ABC9-7F5BAA35FEBC}.Debug|Any CPU.Build.0 = Debug|Any CPU
		{1B80917E-DFC5-4A48-ABC9-7F5BAA35FEBC}.Release|Any CPU.ActiveCfg = Release|Any CPU
		{1B80917E-DFC5-4A48-ABC9-7F5BAA35FEBC}.Release|Any CPU.Build.0 = Release|Any CPU
		{8A485978-EF86-4430-82C8-3AD628C4BFBE}.Debug|Any CPU.ActiveCfg = Debug|Any CPU
		{8A485978-EF86-4430-82C8-3AD628C4BFBE}.Debug|Any CPU.Build.0 = Debug|Any CPU
		{8A485978-EF86-4430-82C8-3AD628C4BFBE}.Release|Any CPU.ActiveCfg = Release|Any CPU
		{8A485978-EF86-4430-82C8-3AD628C4BFBE}.Release|Any CPU.Build.0 = Release|Any CPU
		{BF6AE938-3880-46DC-82D3-1F7DF17D3FAA}.Debug|Any CPU.ActiveCfg = Debug|Any CPU
		{BF6AE938-3880-46DC-82D3-1F7DF17D3FAA}.Debug|Any CPU.Build.0 = Debug|Any CPU
		{BF6AE938-3880-46DC-82D3-1F7DF17D3FAA}.Release|Any CPU.ActiveCfg = Release|Any CPU
		{BF6AE938-3880-46DC-82D3-1F7DF17D3FAA}.Release|Any CPU.Build.0 = Release|Any CPU
		{B369AF6D-C6F0-442E-BE6C-58C882DC691D}.Debug|Any CPU.ActiveCfg = Debug|Any CPU
		{B369AF6D-C6F0-442E-BE6C-58C882DC691D}.Debug|Any CPU.Build.0 = Debug|Any CPU
		{B369AF6D-C6F0-442E-BE6C-58C882DC691D}.Release|Any CPU.ActiveCfg = Release|Any CPU
		{B369AF6D-C6F0-442E-BE6C-58C882DC691D}.Release|Any CPU.Build.0 = Release|Any CPU
		{525CF1EF-BB9D-4787-BE47-8598F460EA56}.Debug|Any CPU.ActiveCfg = Debug|Any CPU
		{525CF1EF-BB9D-4787-BE47-8598F460EA56}.Debug|Any CPU.Build.0 = Debug|Any CPU
		{525CF1EF-BB9D-4787-BE47-8598F460EA56}.Release|Any CPU.ActiveCfg = Release|Any CPU
		{525CF1EF-BB9D-4787-BE47-8598F460EA56}.Release|Any CPU.Build.0 = Release|Any CPU
		{BE22A49D-4D9D-48C3-9DC3-6F4A02CC0CCD}.Debug|Any CPU.ActiveCfg = Debug|Any CPU
		{BE22A49D-4D9D-48C3-9DC3-6F4A02CC0CCD}.Debug|Any CPU.Build.0 = Debug|Any CPU
		{BE22A49D-4D9D-48C3-9DC3-6F4A02CC0CCD}.Release|Any CPU.ActiveCfg = Release|Any CPU
		{BE22A49D-4D9D-48C3-9DC3-6F4A02CC0CCD}.Release|Any CPU.Build.0 = Release|Any CPU
	EndGlobalSection
	GlobalSection(SolutionProperties) = preSolution
		HideSolutionNode = FALSE
	EndGlobalSection
	GlobalSection(ExtensibilityGlobals) = postSolution
		SolutionGuid = {23373F46-E280-4580-8804-D035003DC430}
	EndGlobalSection
EndGlobal
